
Microsoft Visual Studio Solution File, Format Version 12.00
# Visual Studio Version 17
VisualStudioVersion = 17.8.34330.188
MinimumVisualStudioVersion = 10.0.40219.1
Project("{FAE04EC0-301F-11D3-BF4B-00C04F79EFBC}") = "TexttospeechApp", "TexttospeechApp.csproj", "{FD974139-67DA-4E69-BA55-949603378629}"
EndProject
Global
	GlobalSection(SolutionConfigurationPlatforms) = preSolution
		Debug|Any CPU = Debug|Any CPU
		Release|Any CPU = Release|Any CPU
	EndGlobalSection
	GlobalSection(ProjectConfigurationPlatforms) = postSolution
		{FD974139-67DA-4E69-BA55-949603378629}.Debug|Any CPU.ActiveCfg = Debug|Any CPU
		{FD974139-67DA-4E69-BA55-949603378629}.Debug|Any CPU.Build.0 = Debug|Any CPU
		{FD974139-67DA-4E69-BA55-949603378629}.Release|Any CPU.ActiveCfg = Release|Any CPU
		{FD974139-67DA-4E69-BA55-949603378629}.Release|Any CPU.Build.0 = Release|Any CPU
	EndGlobalSection
	GlobalSection(SolutionProperties) = preSolution
		HideSolutionNode = FALSE
	EndGlobalSection
	GlobalSection(ExtensibilityGlobals) = postSolution
		SolutionGuid = {850C2F4A-4B1A-4F27-ABE5-76384CA53F52}
	EndGlobalSection
EndGlobal
